
Microsoft Visual Studio Solution File, Format Version 12.00
# Visual Studio Version 16
VisualStudioVersion = 16.0.29613.14
MinimumVisualStudioVersion = 10.0.40219.1
Project("{FAE04EC0-301F-11D3-BF4B-00C04F79EFBC}") = "DotnetCoreWebApi.Api", "DotnetCoreWebApi.Api\DotnetCoreWebApi.Api.csproj", "{C82498CC-EB7E-43CE-8040-3C8FB574EE79}"
EndProject
Global
	GlobalSection(SolutionConfigurationPlatforms) = preSolution
		Debug|Any CPU = Debug|Any CPU
		Release|Any CPU = Release|Any CPU
	EndGlobalSection
	GlobalSection(ProjectConfigurationPlatforms) = postSolution
		{C82498CC-EB7E-43CE-8040-3C8FB574EE79}.Debug|Any CPU.ActiveCfg = Debug|Any CPU
		{C82498CC-EB7E-43CE-8040-3C8FB574EE79}.Debug|Any CPU.Build.0 = Debug|Any CPU
		{C82498CC-EB7E-43CE-8040-3C8FB574EE79}.Release|Any CPU.ActiveCfg = Release|Any CPU
		{C82498CC-EB7E-43CE-8040-3C8FB574EE79}.Release|Any CPU.Build.0 = Release|Any CPU
	EndGlobalSection
	GlobalSection(SolutionProperties) = preSolution
		HideSolutionNode = FALSE
	EndGlobalSection
	GlobalSection(ExtensibilityGlobals) = postSolution
		SolutionGuid = {CF13FA85-F96C-42E8-BE0D-432C08E19306}
	EndGlobalSection
EndGlobal
